// !$*UTF8*$!
{
	archiveVersion = 1;
	classes = {
	};
	objectVersion = 46;
	objects = {

/* Begin PBXBuildFile section */
		D5DCC4DC1E92AAA6004EF696 /* AppDelegate.swift in Sources */ = {isa = PBXBuildFile; fileRef = D5DCC4DB1E92AAA6004EF696 /* AppDelegate.swift */; };
		D5DCC4E11E92AAA6004EF696 /* Main.storyboard in Resources */ = {isa = PBXBuildFile; fileRef = D5DCC4DF1E92AAA6004EF696 /* Main.storyboard */; };
		D5DCC4E31E92AAA6004EF696 /* Assets.xcassets in Resources */ = {isa = PBXBuildFile; fileRef = D5DCC4E21E92AAA6004EF696 /* Assets.xcassets */; };
		D5DCC4E61E92AAA6004EF696 /* LaunchScreen.storyboard in Resources */ = {isa = PBXBuildFile; fileRef = D5DCC4E41E92AAA6004EF696 /* LaunchScreen.storyboard */; };
		D5DCC4F21E92AAF9004EF696 /* GPXViewController.swift in Sources */ = {isa = PBXBuildFile; fileRef = D5DCC4F11E92AAF9004EF696 /* GPXViewController.swift */; };
		D5DCC4F41E92ABDC004EF696 /* GPX.swift in Sources */ = {isa = PBXBuildFile; fileRef = D5DCC4F31E92ABDC004EF696 /* GPX.swift */; };
/* End PBXBuildFile section */

/* Begin PBXFileReference section */
		D5DCC4D81E92AAA6004EF696 /* Trax.app */ = {isa = PBXFileReference; explicitFileType = wrapper.application; includeInIndex = 0; path = Trax.app; sourceTree = BUILT_PRODUCTS_DIR; };
		D5DCC4DB1E92AAA6004EF696 /* AppDelegate.swift */ = {isa = PBXFileReference; lastKnownFileType = sourcecode.swift; path = AppDelegate.swift; sourceTree = "<group>"; };
		D5DCC4E01E92AAA6004EF696 /* Base */ = {isa = PBXFileReference; lastKnownFileType = file.storyboard; name = Base; path = Base.lproj/Main.storyboard; sourceTree = "<group>"; };
		D5DCC4E21E92AAA6004EF696 /* Assets.xcassets */ = {isa = PBXFileReference; lastKnownFileType = folder.assetcatalog; path = Assets.xcassets; sourceTree = "<group>"; };
		D5DCC4E51E92AAA6004EF696 /* Base */ = {isa = PBXFileReference; lastKnownFileType = file.storyboard; name = Base; path = Base.lproj/LaunchScreen.storyboard; sourceTree = "<group>"; };
		D5DCC4E71E92AAA6004EF696 /* Info.plist */ = {isa = PBXFileReference; lastKnownFileType = text.plist.xml; path = Info.plist; sourceTree = "<group>"; };
		D5DCC4F11E92AAF9004EF696 /* GPXViewController.swift */ = {isa = PBXFileReference; fileEncoding = 4; lastKnownFileType = sourcecode.swift; path = GPXViewController.swift; sourceTree = "<group>"; };
		D5DCC4F31E92ABDC004EF696 /* GPX.swift */ = {isa = PBXFileReference; fileEncoding = 4; lastKnownFileType = sourcecode.swift; path = GPX.swift; sourceTree = "<group>"; };
/* End PBXFileReference section */

/* Begin PBXFrameworksBuildPhase section */
		D5DCC4D51E92AAA6004EF696 /* Frameworks */ = {
			isa = PBXFrameworksBuildPhase;
			buildActionMask = 2147483647;
			files = (
			);
			runOnlyForDeploymentPostprocessing = 0;
		};
/* End PBXFrameworksBuildPhase section */

/* Begin PBXGroup section */
		D5DCC4CF1E92AAA6004EF696 = {
			isa = PBXGroup;
			children = (
				D5DCC4DA1E92AAA6004EF696 /* Trax */,
				D5DCC4D91E92AAA6004EF696 /* Products */,
			);
			sourceTree = "<group>";
		};
		D5DCC4D91E92AAA6004EF696 /* Products */ = {
			isa = PBXGroup;
			children = (
				D5DCC4D81E92AAA6004EF696 /* Trax.app */,
			);
			name = Products;
			sourceTree = "<group>";
		};
		D5DCC4DA1E92AAA6004EF696 /* Trax */ = {
			isa = PBXGroup;
			children = (
				D5DCC4DF1E92AAA6004EF696 /* Main.storyboard */,
				D5DCC4F01E92AAD6004EF696 /* Modal */,
				D5DCC4EF1E92AAD2004EF696 /* View */,
				D5DCC4EE1E92AACA004EF696 /* Controller */,
				D5DCC4ED1E92AAB4004EF696 /* Supporting Files */,
			);
			path = Trax;
			sourceTree = "<group>";
		};
		D5DCC4ED1E92AAB4004EF696 /* Supporting Files */ = {
			isa = PBXGroup;
			children = (
				D5DCC4DB1E92AAA6004EF696 /* AppDelegate.swift */,
				D5DCC4E21E92AAA6004EF696 /* Assets.xcassets */,
				D5DCC4E41E92AAA6004EF696 /* LaunchScreen.storyboard */,
				D5DCC4E71E92AAA6004EF696 /* Info.plist */,
			);
			name = "Supporting Files";
			sourceTree = "<group>";
		};
		D5DCC4EE1E92AACA004EF696 /* Controller */ = {
			isa = PBXGroup;
			children = (
				D5DCC4F11E92AAF9004EF696 /* GPXViewController.swift */,
			);
			name = Controller;
			sourceTree = "<group>";
		};
		D5DCC4EF1E92AAD2004EF696 /* View */ = {
			isa = PBXGroup;
			children = (
			);
			name = View;
			sourceTree = "<group>";
		};
		D5DCC4F01E92AAD6004EF696 /* Modal */ = {
			isa = PBXGroup;
			children = (
				D5DCC4F31E92ABDC004EF696 /* GPX.swift */,
			);
			name = Modal;
			sourceTree = "<group>";
		};
/* End PBXGroup section */

/* Begin PBXNativeTarget section */
		D5DCC4D71E92AAA6004EF696 /* Trax */ = {
			isa = PBXNativeTarget;
			buildConfigurationList = D5DCC4EA1E92AAA6004EF696 /* Build configuration list for PBXNativeTarget "Trax" */;
			buildPhases = (
				D5DCC4D41E92AAA6004EF696 /* Sources */,
				D5DCC4D51E92AAA6004EF696 /* Frameworks */,
				D5DCC4D61E92AAA6004EF696 /* Resources */,
			);
			buildRules = (
			);
			dependencies = (
			);
			name = Trax;
			productName = Trax;
			productReference = D5DCC4D81E92AAA6004EF696 /* Trax.app */;
			productType = "com.apple.product-type.application";
		};
/* End PBXNativeTarget section */

/* Begin PBXProject section */
		D5DCC4D01E92AAA6004EF696 /* Project object */ = {
			isa = PBXProject;
			attributes = {
				LastSwiftUpdateCheck = 0820;
				LastUpgradeCheck = 0820;
				ORGANIZATIONNAME = "Younoussa Ousmane Abdou";
				TargetAttributes = {
					D5DCC4D71E92AAA6004EF696 = {
						CreatedOnToolsVersion = 8.2.1;
						DevelopmentTeam = 7HAUD8EZY3;
						LastSwiftMigration = 0820;
						ProvisioningStyle = Automatic;
					};
				};
			};
			buildConfigurationList = D5DCC4D31E92AAA6004EF696 /* Build configuration list for PBXProject "Trax" */;
			compatibilityVersion = "Xcode 3.2";
			developmentRegion = English;
			hasScannedForEncodings = 0;
			knownRegions = (
				en,
				Base,
			);
			mainGroup = D5DCC4CF1E92AAA6004EF696;
			productRefGroup = D5DCC4D91E92AAA6004EF696 /* Products */;
			projectDirPath = "";
			projectRoot = "";
			targets = (
				D5DCC4D71E92AAA6004EF696 /* Trax */,
			);
		};
/* End PBXProject section */

/* Begin PBXResourcesBuildPhase section */
		D5DCC4D61E92AAA6004EF696 /* Resources */ = {
			isa = PBXResourcesBuildPhase;
			buildActionMask = 2147483647;
			files = (
				D5DCC4E61E92AAA6004EF696 /* LaunchScreen.storyboard in Resources */,
				D5DCC4E31E92AAA6004EF696 /* Assets.xcassets in Resources */,
				D5DCC4E11E92AAA6004EF696 /* Main.storyboard in Resources */,
			);
			runOnlyForDeploymentPostprocessing = 0;
		};
/* End PBXResourcesBuildPhase section */

/* Begin PBXSourcesBuildPhase section */
		D5DCC4D41E92AAA6004EF696 /* Sources */ = {
			isa = PBXSourcesBuildPhase;
			buildActionMask = 2147483647;
			files = (
				D5DCC4F21E92AAF9004EF696 /* GPXViewController.swift in Sources */,
				D5DCC4DC1E92AAA6004EF696 /* AppDelegate.swift in Sources */,
				D5DCC4F41E92ABDC004EF696 /* GPX.swift in Sources */,
			);
			runOnlyForDeploymentPostprocessing = 0;
		};
/* End PBXSourcesBuildPhase section */

/* Begin PBXVariantGroup section */
		D5DCC4DF1E92AAA6004EF696 /* Main.storyboard */ = {
			isa = PBXVariantGroup;
			children = (
				D5DCC4E01E92AAA6004EF696 /* Base */,
			);
			name = Main.storyboard;
			sourceTree = "<group>";
		};
		D5DCC4E41E92AAA6004EF696 /* LaunchScreen.storyboard */ = {
			isa = PBXVariantGroup;
			children = (
				D5DCC4E51E92AAA6004EF696 /* Base */,
			);
			name = LaunchScreen.storyboard;
			sourceTree = "<group>";
		};
/* End PBXVariantGroup section */

/* Begin XCBuildConfiguration section */
		D5DCC4E81E92AAA6004EF696 /* Debug */ = {
			isa = XCBuildConfiguration;
			buildSettings = {
				ALWAYS_SEARCH_USER_PATHS = NO;
				CLANG_ANALYZER_NONNULL = YES;
				CLANG_CXX_LANGUAGE_STANDARD = "gnu++0x";
				CLANG_CXX_LIBRARY = "libc++";
				CLANG_ENABLE_MODULES = YES;
				CLANG_ENABLE_OBJC_ARC = YES;
				CLANG_WARN_BOOL_CONVERSION = YES;
				CLANG_WARN_CONSTANT_CONVERSION = YES;
				CLANG_WARN_DIRECT_OBJC_ISA_USAGE = YES_ERROR;
				CLANG_WARN_DOCUMENTATION_COMMENTS = YES;
				CLANG_WARN_EMPTY_BODY = YES;
				CLANG_WARN_ENUM_CONVERSION = YES;
				CLANG_WARN_INFINITE_RECURSION = YES;
				CLANG_WARN_INT_CONVERSION = YES;
				CLANG_WARN_OBJC_ROOT_CLASS = YES_ERROR;
				CLANG_WARN_SUSPICIOUS_MOVE = YES;
				CLANG_WARN_UNREACHABLE_CODE = YES;
				CLANG_WARN__DUPLICATE_METHOD_MATCH = YES;
				"CODE_SIGN_IDENTITY[sdk=iphoneos*]" = "iPhone Developer";
				COPY_PHASE_STRIP = NO;
				DEBUG_INFORMATION_FORMAT = dwarf;
				ENABLE_STRICT_OBJC_MSGSEND = YES;
				ENABLE_TESTABILITY = YES;
				GCC_C_LANGUAGE_STANDARD = gnu99;
				GCC_DYNAMIC_NO_PIC = NO;
				GCC_NO_COMMON_BLOCKS = YES;
				GCC_OPTIMIZATION_LEVEL = 0;
				GCC_PREPROCESSOR_DEFINITIONS = (
					"DEBUG=1",
					"$(inherited)",
				);
				GCC_WARN_64_TO_32_BIT_CONVERSION = YES;
				GCC_WARN_ABOUT_RETURN_TYPE = YES_ERROR;
				GCC_WARN_UNDECLARED_SELECTOR = YES;
				GCC_WARN_UNINITIALIZED_AUTOS = YES_AGGRESSIVE;
				GCC_WARN_UNUSED_FUNCTION = YES;
				GCC_WARN_UNUSED_VARIABLE = YES;
				IPHONEOS_DEPLOYMENT_TARGET = 10.2;
				MTL_ENABLE_DEBUG_INFO = YES;
				ONLY_ACTIVE_ARCH = YES;
				SDKROOT = iphoneos;
				SWIFT_ACTIVE_COMPILATION_CONDITIONS = DEBUG;
				SWIFT_OPTIMIZATION_LEVEL = "-Onone";
				TARGETED_DEVICE_FAMILY = "1,2";
			};
			name = Debug;
		};
		D5DCC4E91E92AAA6004EF696 /* Release */ = {
			isa = XCBuildConfiguration;
			buildSettings = {
				ALWAYS_SEARCH_USER_PATHS = NO;
				CLANG_ANALYZER_NONNULL = YES;
				CLANG_CXX_LANGUAGE_STANDARD = "gnu++0x";
				CLANG_CXX_LIBRARY = "libc++";
				CLANG_ENABLE_MODULES = YES;
				CLANG_ENABLE_OBJC_ARC = YES;
				CLANG_WARN_BOOL_CONVERSION = YES;
				CLANG_WARN_CONSTANT_CONVERSION = YES;
				CLANG_WARN_DIRECT_OBJC_ISA_USAGE = YES_ERROR;
				CLANG_WARN_DOCUMENTATION_COMMENTS = YES;
				CLANG_WARN_EMPTY_BODY = YES;
				CLANG_WARN_ENUM_CONVERSION = YES;
				CLANG_WARN_INFINITE_RECURSION = YES;
				CLANG_WARN_INT_CONVERSION = YES;
				CLANG_WARN_OBJC_ROOT_CLASS = YES_ERROR;
				CLANG_WARN_SUSPICIOUS_MOVE = YES;
				CLANG_WARN_UNREACHABLE_CODE = YES;
				CLANG_WARN__DUPLICATE_METHOD_MATCH = YES;
				"CODE_SIGN_IDENTITY[sdk=iphoneos*]" = "iPhone Developer";
				COPY_PHASE_STRIP = NO;
				DEBUG_INFORMATION_FORMAT = "dwarf-with-dsym";
				ENABLE_NS_ASSERTIONS = NO;
				ENABLE_STRICT_OBJC_MSGSEND = YES;
				GCC_C_LANGUAGE_STANDARD = gnu99;
				GCC_NO_COMMON_BLOCKS = YES;
				GCC_WARN_64_TO_32_BIT_CONVERSION = YES;
				GCC_WARN_ABOUT_RETURN_TYPE = YES_ERROR;
				GCC_WARN_UNDECLARED_SELECTOR = YES;
				GCC_WARN_UNINITIALIZED_AUTOS = YES_AGGRESSIVE;
				GCC_WARN_UNUSED_FUNCTION = YES;
				GCC_WARN_UNUSED_VARIABLE = YES;
				IPHONEOS_DEPLOYMENT_TARGET = 10.2;
				MTL_ENABLE_DEBUG_INFO = NO;
				SDKROOT = iphoneos;
				SWIFT_OPTIMIZATION_LEVEL = "-Owholemodule";
				TARGETED_DEVICE_FAMILY = "1,2";
				VALIDATE_PRODUCT = YES;
			};
			name = Release;
		};
		D5DCC4EB1E92AAA6004EF696 /* Debug */ = {
			isa = XCBuildConfiguration;
			buildSettings = {
				ASSETCATALOG_COMPILER_APPICON_NAME = AppIcon;
				DEVELOPMENT_TEAM = 7HAUD8EZY3;
				INFOPLIST_FILE = Trax/Info.plist;
				LD_RUNPATH_SEARCH_PATHS = "$(inherited) @executable_path/Frameworks";
				PRODUCT_BUNDLE_IDENTIFIER = com.yuso.Trax;
				PRODUCT_NAME = "$(TARGET_NAME)";
				SWIFT_VERSION = 3.0;
			};
			name = Debug;
		};
		D5DCC4EC1E92AAA6004EF696 /* Release */ = {
			isa = XCBuildConfiguration;
			buildSettings = {
				ASSETCATALOG_COMPILER_APPICON_NAME = AppIcon;
				DEVELOPMENT_TEAM = 7HAUD8EZY3;
				INFOPLIST_FILE = Trax/Info.plist;
				LD_RUNPATH_SEARCH_PATHS = "$(inherited) @executable_path/Frameworks";
				PRODUCT_BUNDLE_IDENTIFIER = com.yuso.Trax;
				PRODUCT_NAME = "$(TARGET_NAME)";
				SWIFT_VERSION = 3.0;
			};
			name = Release;
		};
/* End XCBuildConfiguration section */

/* Begin XCConfigurationList section */
		D5DCC4D31E92AAA6004EF696 /* Build configuration list for PBXProject "Trax" */ = {
			isa = XCConfigurationList;
			buildConfigurations = (
				D5DCC4E81E92AAA6004EF696 /* Debug */,
				D5DCC4E91E92AAA6004EF696 /* Release */,
			);
			defaultConfigurationIsVisible = 0;
			defaultConfigurationName = Release;
		};
		D5DCC4EA1E92AAA6004EF696 /* Build configuration list for PBXNativeTarget "Trax" */ = {
			isa = XCConfigurationList;
			buildConfigurations = (
				D5DCC4EB1E92AAA6004EF696 /* Debug */,
				D5DCC4EC1E92AAA6004EF696 /* Release */,
			);
			defaultConfigurationIsVisible = 0;
		};
/* End XCConfigurationList section */
	};
	rootObject = D5DCC4D01E92AAA6004EF696 /* Project object */;
}
